
Microsoft Visual Studio Solution File, Format Version 12.00
# Visual Studio Version 16
VisualStudioVersion = 16.0.29411.108
MinimumVisualStudioVersion = 10.0.40219.1
Project("{FAE04EC0-301F-11D3-BF4B-00C04F79EFBC}") = "test_contact", "test_contact\test_contact.csproj", "{97562B15-6767-44D4-AC55-73094D016069}"
EndProject
Global
	GlobalSection(SolutionConfigurationPlatforms) = preSolution
		Debug|Any CPU = Debug|Any CPU
		Release|Any CPU = Release|Any CPU
	EndGlobalSection
	GlobalSection(ProjectConfigurationPlatforms) = postSolution
		{97562B15-6767-44D4-AC55-73094D016069}.Debug|Any CPU.ActiveCfg = Debug|Any CPU
		{97562B15-6767-44D4-AC55-73094D016069}.Debug|Any CPU.Build.0 = Debug|Any CPU
		{97562B15-6767-44D4-AC55-73094D016069}.Release|Any CPU.ActiveCfg = Release|Any CPU
		{97562B15-6767-44D4-AC55-73094D016069}.Release|Any CPU.Build.0 = Release|Any CPU
	EndGlobalSection
	GlobalSection(SolutionProperties) = preSolution
		HideSolutionNode = FALSE
	EndGlobalSection
	GlobalSection(ExtensibilityGlobals) = postSolution
		SolutionGuid = {D87FA377-F65F-42A7-8D74-874E39D6990B}
	EndGlobalSection
EndGlobal
